
Microsoft Visual Studio Solution File, Format Version 12.00
# Visual Studio Version 17
VisualStudioVersion = 17.6.33829.357
MinimumVisualStudioVersion = 10.0.40219.1
Project("{FAE04EC0-301F-11D3-BF4B-00C04F79EFBC}") = "FIT5032_W4", "FIT5032_W4\FIT5032_W4.csproj", "{91423E58-009B-48E5-8C76-58FFCFAF6974}"
EndProject
Global
	GlobalSection(SolutionConfigurationPlatforms) = preSolution
		Debug|Any CPU = Debug|Any CPU
		Release|Any CPU = Release|Any CPU
	EndGlobalSection
	GlobalSection(ProjectConfigurationPlatforms) = postSolution
		{91423E58-009B-48E5-8C76-58FFCFAF6974}.Debug|Any CPU.ActiveCfg = Debug|Any CPU
		{91423E58-009B-48E5-8C76-58FFCFAF6974}.Debug|Any CPU.Build.0 = Debug|Any CPU
		{91423E58-009B-48E5-8C76-58FFCFAF6974}.Release|Any CPU.ActiveCfg = Release|Any CPU
		{91423E58-009B-48E5-8C76-58FFCFAF6974}.Release|Any CPU.Build.0 = Release|Any CPU
	EndGlobalSection
	GlobalSection(SolutionProperties) = preSolution
		HideSolutionNode = FALSE
	EndGlobalSection
	GlobalSection(ExtensibilityGlobals) = postSolution
		SolutionGuid = {819F45E3-5627-4BCD-8185-50650E426DDC}
	EndGlobalSection
EndGlobal
